github.com/BurntSushi/toml v0.3.1 h1:WXkYYl6Yr3qBf1K79EBnL4mak0OimBfB0XUf9Vl28OQ=
github.com/BurntSushi/toml v0.3.1/go.mod h1:xHWCNGjB5oqiDr8zfno3MHue2Ht5sIBksp03qcyfWMU=
github.com/Maftrek/redis-test v0.0.0-20190918082814-d1e01ae46f2e h1:vAkDzeWrmXhTp88YmuragFA11DsqmGVQ8cz2XPBAd5E=
github.com/Maftrek/redis-test v0.0.0-20190918082814-d1e01ae46f2e/go.mod h1:hkFLAYlDGeq8BbEvpeGDyCEiFeklIi97/7/yCJXcR5c=
github.com/adjust/rmq v0.0.0-20190109124952-d0da8bbb71c8 h1:avnpdOF/4pAMT51KlPPDMAd4tunxH9TrbAFhDOrXAXg=
github.com/adjust/rmq v0.0.0-20190109124952-d0da8bbb71c8/go.mod h1:R3ayojJEWi4WQ7I6q1GYzgeBiHC58+y/6eQc2usiWh4=
github.com/adjust/uniuri v0.0.0-20130923163420-498743145e60 h1:ogL5Ct/E8o3w/QiBWDFJV9fOXglEiXI+YaYIqWNCJ8Y=
github.com/adjust/uniuri v0.0.0-20130923163420-498743145e60/go.mod h1:pgVmNTYfZOWG+PrCVPcvgUy5Z/uowI78tK8ARMsdVXw=
github.com/go-kit/kit v0.0.0-20190320211438-53b763c5d945 h1:mpUzxwQX1LTY+kOQ2HgONMEwRRHhr7N1cJyMyd1SZhU=
github.com/go-kit/kit v0.0.0-20190320211438-53b763c5d945/go.mod h1:xBxKIO96dXMWWy0MnWVtmwkA9/13aqxPnvrjFYMA2as=
github.com/go-logfmt/logfmt v0.4.0 h1:MP4Eh7ZCb31lleYCFuwm0oe4/YGak+5l1vA2NOE80nA=
github.com/go-logfmt/logfmt v0.4.0/go.mod h1:3RMwSq7FuexP4Kalkev3ejPJsZTpXXBr9+V4qmtdjCk=
github.com/go-redis/redis v0.0.0-20190325112110-a679e614427a h1:Jay++xv2HRl1tf9xg140/eN4B+z4XoMq529dsu4Oreo=
github.com/go-redis/redis v0.0.0-20190325112110-a679e614427a/go.mod h1:NAIEuMOZ/fxfXJIrKDQDz8wamY7mA7PouImQ2Jvg6kA=
github.com/google/uuid v1.0.0/go.mod h1:TIyPZe4MgqvfeYDBFedMoGGpEw/LqOeaOT+nhxU+yHo=
github.com/google/uuid v1.1.1 h1:Gkbcsh/GbpXz7lPftLA3P6TYMwjCLYm83jiFQZF/3gY=
github.com/google/uuid v1.1.1/go.mod h1:TIyPZe4MgqvfeYDBFedMoGGpEw/LqOeaOT+nhxU+yHo=
github.com/kr/logfmt v0.0.0-20140226030751-b84e30acd515/go.mod h1:+0opPa2QZZtGFBFZlji/RkVcI2GknAs/DXo4wKdlNEc=
github.com/pborman/uuid v1.2.0 h1:J7Q5mO4ysT1dv8hyrUGHb9+ooztCXu1D8MY8DZYsu3g=
github.com/pborman/uuid v1.2.0/go.mod h1:X/NO0urCmaxf9VXbdlT7C2Yzkj2IKimNn4k+gtPdI/k=
